
Microsoft Visual Studio Solution File, Format Version 12.00
# Visual Studio Version 17
VisualStudioVersion = 17.14.36518.9
MinimumVisualStudioVersion = 10.0.40219.1
Project("{2150E333-8FDC-42A3-9474-1A3956D46DE8}") = "Notifications", "Notifications", "{02EA681E-C7D8-13C7-8484-4AC65E1B71E8}"
EndProject
Project("{2150E333-8FDC-42A3-9474-1A3956D46DE8}") = "Operations", "Operations", "{A5AC2DDD-2908-461B-83F1-7F0B76D9A842}"
EndProject
Project("{FAE04EC0-301F-11D3-BF4B-00C04F79EFBC}") = "kdyf.Operations", "src\kdyf.Operations\kdyf.Operations.csproj", "{E82A4B90-49AC-A74C-6786-139A6C87404A}"
EndProject
Project("{FAE04EC0-301F-11D3-BF4B-00C04F79EFBC}") = "kdyf.Operations.Test", "tests\kdyf.Operations.Test\kdyf.Operations.Test.csproj", "{21677859-853D-D6C7-7A81-12488313588E}"
EndProject
Project("{2150E333-8FDC-42A3-9474-1A3956D46DE8}") = "Samples", "Samples", "{7CC222B1-CBE3-413B-90E6-BA7F9082C0B6}"
EndProject
Project("{FAE04EC0-301F-11D3-BF4B-00C04F79EFBC}") = "kdyf.Notifications", "src\kdyf.Notifications\kdyf.Notifications.csproj", "{C13B6931-B21C-57BC-4B4D-961600CC7071}"
EndProject
Project("{FAE04EC0-301F-11D3-BF4B-00C04F79EFBC}") = "kdyf.Notifications.Redis", "src\kdyf.Notifications.Redis\kdyf.Notifications.Redis.csproj", "{7062DF88-4EEF-E3E6-9FEF-7E2F67C1D2E7}"
EndProject
Project("{2150E333-8FDC-42A3-9474-1A3956D46DE8}") = "Common", "Common", "{1551D9C3-83BC-42DC-A244-A4D04B504814}"
EndProject
Project("{FAE04EC0-301F-11D3-BF4B-00C04F79EFBC}") = "kdyf.Common", "src\kdyf.Common\kdyf.Common.csproj", "{7E54F1DE-A1EA-219F-2526-941B437F80A4}"
EndProject
Project("{FAE04EC0-301F-11D3-BF4B-00C04F79EFBC}") = "kdyf.Notifications.Sample.Shared", "samples\kdyf.Notifications.Sample.Shared\kdyf.Notifications.Sample.Shared.csproj", "{76410C3B-E165-F7B1-5633-C4E56ACB9286}"
EndProject
Project("{FAE04EC0-301F-11D3-BF4B-00C04F79EFBC}") = "kdyf.Notifications.Sample01.Console", "samples\kdyf.Notifications.Sample01.Console\kdyf.Notifications.Sample01.Console.csproj", "{7BFC8A0B-9098-C405-6531-9DB55C594288}"
EndProject
Project("{FAE04EC0-301F-11D3-BF4B-00C04F79EFBC}") = "kdyf.Notifications.Sample02.Console", "samples\kdyf.Notifications.Sample02.Console\kdyf.Notifications.Sample02.Console.csproj", "{048D0212-A78F-008D-78A7-94E1F9E70156}"
EndProject
Project("{FAE04EC0-301F-11D3-BF4B-00C04F79EFBC}") = "kdyf.Common.Test", "tests\kdyf.Common.Test\kdyf.Common.Test.csproj", "{3D1E9F51-C2D4-DE50-CBC0-39EB7C0523DF}"
EndProject
Project("{FAE04EC0-301F-11D3-BF4B-00C04F79EFBC}") = "kdyf.Notifications.Test", "tests\kdyf.Notifications.Test\kdyf.Notifications.Test.csproj", "{94F44D84-1608-FCD1-4165-216EC007591F}"
EndProject
Project("{FAE04EC0-301F-11D3-BF4B-00C04F79EFBC}") = "kdyf.Notifications.Test.Redis", "tests\kdyf.Notifications.Test.Redis\kdyf.Notifications.Test.Redis.csproj", "{E35AEE94-E695-A739-12E4-264C229CC358}"
EndProject
Global
	GlobalSection(SolutionConfigurationPlatforms) = preSolution
		Debug|Any CPU = Debug|Any CPU
		Debug|x64 = Debug|x64
		Debug|x86 = Debug|x86
		Release|Any CPU = Release|Any CPU
		Release|x64 = Release|x64
		Release|x86 = Release|x86
	EndGlobalSection
	GlobalSection(ProjectConfigurationPlatforms) = postSolution
		{E82A4B90-49AC-A74C-6786-139A6C87404A}.Debug|Any CPU.ActiveCfg = Debug|Any CPU
		{E82A4B90-49AC-A74C-6786-139A6C87404A}.Debug|Any CPU.Build.0 = Debug|Any CPU
		{E82A4B90-49AC-A74C-6786-139A6C87404A}.Debug|x64.ActiveCfg = Debug|Any CPU
		{E82A4B90-49AC-A74C-6786-139A6C87404A}.Debug|x64.Build.0 = Debug|Any CPU
		{E82A4B90-49AC-A74C-6786-139A6C87404A}.Debug|x86.ActiveCfg = Debug|Any CPU
		{E82A4B90-49AC-A74C-6786-139A6C87404A}.Debug|x86.Build.0 = Debug|Any CPU
		{E82A4B90-49AC-A74C-6786-139A6C87404A}.Release|Any CPU.ActiveCfg = Release|Any CPU
		{E82A4B90-49AC-A74C-6786-139A6C87404A}.Release|Any CPU.Build.0 = Release|Any CPU
		{E82A4B90-49AC-A74C-6786-139A6C87404A}.Release|x64.ActiveCfg = Release|Any CPU
		{E82A4B90-49AC-A74C-6786-139A6C87404A}.Release|x64.Build.0 = Release|Any CPU
		{E82A4B90-49AC-A74C-6786-139A6C87404A}.Release|x86.ActiveCfg = Release|Any CPU
		{E82A4B90-49AC-A74C-6786-139A6C87404A}.Release|x86.Build.0 = Release|Any CPU
		{21677859-853D-D6C7-7A81-12488313588E}.Debug|Any CPU.ActiveCfg = Debug|Any CPU
		{21677859-853D-D6C7-7A81-12488313588E}.Debug|Any CPU.Build.0 = Debug|Any CPU
		{21677859-853D-D6C7-7A81-12488313588E}.Debug|x64.ActiveCfg = Debug|Any CPU
		{21677859-853D-D6C7-7A81-12488313588E}.Debug|x64.Build.0 = Debug|Any CPU
		{21677859-853D-D6C7-7A81-12488313588E}.Debug|x86.ActiveCfg = Debug|Any CPU
		{21677859-853D-D6C7-7A81-12488313588E}.Debug|x86.Build.0 = Debug|Any CPU
		{21677859-853D-D6C7-7A81-12488313588E}.Release|Any CPU.ActiveCfg = Release|Any CPU
		{21677859-853D-D6C7-7A81-12488313588E}.Release|Any CPU.Build.0 = Release|Any CPU
		{21677859-853D-D6C7-7A81-12488313588E}.Release|x64.ActiveCfg = Release|Any CPU
		{21677859-853D-D6C7-7A81-12488313588E}.Release|x64.Build.0 = Release|Any CPU
		{21677859-853D-D6C7-7A81-12488313588E}.Release|x86.ActiveCfg = Release|Any CPU
		{21677859-853D-D6C7-7A81-12488313588E}.Release|x86.Build.0 = Release|Any CPU
		{C13B6931-B21C-57BC-4B4D-961600CC7071}.Debug|Any CPU.ActiveCfg = Debug|Any CPU
		{C13B6931-B21C-57BC-4B4D-961600CC7071}.Debug|Any CPU.Build.0 = Debug|Any CPU
		{C13B6931-B21C-57BC-4B4D-961600CC7071}.Debug|x64.ActiveCfg = Debug|Any CPU
		{C13B6931-B21C-57BC-4B4D-961600CC7071}.Debug|x64.Build.0 = Debug|Any CPU
		{C13B6931-B21C-57BC-4B4D-961600CC7071}.Debug|x86.ActiveCfg = Debug|Any CPU
		{C13B6931-B21C-57BC-4B4D-961600CC7071}.Debug|x86.Build.0 = Debug|Any CPU
		{C13B6931-B21C-57BC-4B4D-961600CC7071}.Release|Any CPU.ActiveCfg = Release|Any CPU
		{C13B6931-B21C-57BC-4B4D-961600CC7071}.Release|Any CPU.Build.0 = Release|Any CPU
		{C13B6931-B21C-57BC-4B4D-961600CC7071}.Release|x64.ActiveCfg = Release|Any CPU
		{C13B6931-B21C-57BC-4B4D-961600CC7071}.Release|x64.Build.0 = Release|Any CPU
		{C13B6931-B21C-57BC-4B4D-961600CC7071}.Release|x86.ActiveCfg = Release|Any CPU
		{C13B6931-B21C-57BC-4B4D-961600CC7071}.Release|x86.Build.0 = Release|Any CPU
		{7062DF88-4EEF-E3E6-9FEF-7E2F67C1D2E7}.Debug|Any CPU.ActiveCfg = Debug|Any CPU
		{7062DF88-4EEF-E3E6-9FEF-7E2F67C1D2E7}.Debug|Any CPU.Build.0 = Debug|Any CPU
		{7062DF88-4EEF-E3E6-9FEF-7E2F67C1D2E7}.Debug|x64.ActiveCfg = Debug|Any CPU
		{7062DF88-4EEF-E3E6-9FEF-7E2F67C1D2E7}.Debug|x64.Build.0 = Debug|Any CPU
		{7062DF88-4EEF-E3E6-9FEF-7E2F67C1D2E7}.Debug|x86.ActiveCfg = Debug|Any CPU
		{7062DF88-4EEF-E3E6-9FEF-7E2F67C1D2E7}.Debug|x86.Build.0 = Debug|Any CPU
		{7062DF88-4EEF-E3E6-9FEF-7E2F67C1D2E7}.Release|Any CPU.ActiveCfg = Release|Any CPU
		{7062DF88-4EEF-E3E6-9FEF-7E2F67C1D2E7}.Release|Any CPU.Build.0 = Release|Any CPU
		{7062DF88-4EEF-E3E6-9FEF-7E2F67C1D2E7}.Release|x64.ActiveCfg = Release|Any CPU
		{7062DF88-4EEF-E3E6-9FEF-7E2F67C1D2E7}.Release|x64.Build.0 = Release|Any CPU
		{7062DF88-4EEF-E3E6-9FEF-7E2F67C1D2E7}.Release|x86.ActiveCfg = Release|Any CPU
		{7062DF88-4EEF-E3E6-9FEF-7E2F67C1D2E7}.Release|x86.Build.0 = Release|Any CPU
		{7E54F1DE-A1EA-219F-2526-941B437F80A4}.Debug|Any CPU.ActiveCfg = Debug|Any CPU
		{7E54F1DE-A1EA-219F-2526-941B437F80A4}.Debug|Any CPU.Build.0 = Debug|Any CPU
		{7E54F1DE-A1EA-219F-2526-941B437F80A4}.Debug|x64.ActiveCfg = Debug|Any CPU
		{7E54F1DE-A1EA-219F-2526-941B437F80A4}.Debug|x64.Build.0 = Debug|Any CPU
		{7E54F1DE-A1EA-219F-2526-941B437F80A4}.Debug|x86.ActiveCfg = Debug|Any CPU
		{7E54F1DE-A1EA-219F-2526-941B437F80A4}.Debug|x86.Build.0 = Debug|Any CPU
		{7E54F1DE-A1EA-219F-2526-941B437F80A4}.Release|Any CPU.ActiveCfg = Release|Any CPU
		{7E54F1DE-A1EA-219F-2526-941B437F80A4}.Release|Any CPU.Build.0 = Release|Any CPU
		{7E54F1DE-A1EA-219F-2526-941B437F80A4}.Release|x64.ActiveCfg = Release|Any CPU
		{7E54F1DE-A1EA-219F-2526-941B437F80A4}.Release|x64.Build.0 = Release|Any CPU
		{7E54F1DE-A1EA-219F-2526-941B437F80A4}.Release|x86.ActiveCfg = Release|Any CPU
		{7E54F1DE-A1EA-219F-2526-941B437F80A4}.Release|x86.Build.0 = Release|Any CPU
		{76410C3B-E165-F7B1-5633-C4E56ACB9286}.Debug|Any CPU.ActiveCfg = Debug|Any CPU
		{76410C3B-E165-F7B1-5633-C4E56ACB9286}.Debug|Any CPU.Build.0 = Debug|Any CPU
		{76410C3B-E165-F7B1-5633-C4E56ACB9286}.Debug|x64.ActiveCfg = Debug|Any CPU
		{76410C3B-E165-F7B1-5633-C4E56ACB9286}.Debug|x64.Build.0 = Debug|Any CPU
		{76410C3B-E165-F7B1-5633-C4E56ACB9286}.Debug|x86.ActiveCfg = Debug|Any CPU
		{76410C3B-E165-F7B1-5633-C4E56ACB9286}.Debug|x86.Build.0 = Debug|Any CPU
		{76410C3B-E165-F7B1-5633-C4E56ACB9286}.Release|Any CPU.ActiveCfg = Release|Any CPU
		{76410C3B-E165-F7B1-5633-C4E56ACB9286}.Release|Any CPU.Build.0 = Release|Any CPU
		{76410C3B-E165-F7B1-5633-C4E56ACB9286}.Release|x64.ActiveCfg = Release|Any CPU
		{76410C3B-E165-F7B1-5633-C4E56ACB9286}.Release|x64.Build.0 = Release|Any CPU
		{76410C3B-E165-F7B1-5633-C4E56ACB9286}.Release|x86.ActiveCfg = Release|Any CPU
		{76410C3B-E165-F7B1-5633-C4E56ACB9286}.Release|x86.Build.0 = Release|Any CPU
		{7BFC8A0B-9098-C405-6531-9DB55C594288}.Debug|Any CPU.ActiveCfg = Debug|Any CPU
		{7BFC8A0B-9098-C405-6531-9DB55C594288}.Debug|Any CPU.Build.0 = Debug|Any CPU
		{7BFC8A0B-9098-C405-6531-9DB55C594288}.Debug|x64.ActiveCfg = Debug|Any CPU
		{7BFC8A0B-9098-C405-6531-9DB55C594288}.Debug|x64.Build.0 = Debug|Any CPU
		{7BFC8A0B-9098-C405-6531-9DB55C594288}.Debug|x86.ActiveCfg = Debug|Any CPU
		{7BFC8A0B-9098-C405-6531-9DB55C594288}.Debug|x86.Build.0 = Debug|Any CPU
		{7BFC8A0B-9098-C405-6531-9DB55C594288}.Release|Any CPU.ActiveCfg = Release|Any CPU
		{7BFC8A0B-9098-C405-6531-9DB55C594288}.Release|Any CPU.Build.0 = Release|Any CPU
		{7BFC8A0B-9098-C405-6531-9DB55C594288}.Release|x64.ActiveCfg = Release|Any CPU
		{7BFC8A0B-9098-C405-6531-9DB55C594288}.Release|x64.Build.0 = Release|Any CPU
		{7BFC8A0B-9098-C405-6531-9DB55C594288}.Release|x86.ActiveCfg = Release|Any CPU
		{7BFC8A0B-9098-C405-6531-9DB55C594288}.Release|x86.Build.0 = Release|Any CPU
		{048D0212-A78F-008D-78A7-94E1F9E70156}.Debug|Any CPU.ActiveCfg = Debug|Any CPU
		{048D0212-A78F-008D-78A7-94E1F9E70156}.Debug|Any CPU.Build.0 = Debug|Any CPU
		{048D0212-A78F-008D-78A7-94E1F9E70156}.Debug|x64.ActiveCfg = Debug|Any CPU
		{048D0212-A78F-008D-78A7-94E1F9E70156}.Debug|x64.Build.0 = Debug|Any CPU
		{048D0212-A78F-008D-78A7-94E1F9E70156}.Debug|x86.ActiveCfg = Debug|Any CPU
		{048D0212-A78F-008D-78A7-94E1F9E70156}.Debug|x86.Build.0 = Debug|Any CPU
		{048D0212-A78F-008D-78A7-94E1F9E70156}.Release|Any CPU.ActiveCfg = Release|Any CPU
		{048D0212-A78F-008D-78A7-94E1F9E70156}.Release|Any CPU.Build.0 = Release|Any CPU
		{048D0212-A78F-008D-78A7-94E1F9E70156}.Release|x64.ActiveCfg = Release|Any CPU
		{048D0212-A78F-008D-78A7-94E1F9E70156}.Release|x64.Build.0 = Release|Any CPU
		{048D0212-A78F-008D-78A7-94E1F9E70156}.Release|x86.ActiveCfg = Release|Any CPU
		{048D0212-A78F-008D-78A7-94E1F9E70156}.Release|x86.Build.0 = Release|Any CPU
		{3D1E9F51-C2D4-DE50-CBC0-39EB7C0523DF}.Debug|Any CPU.ActiveCfg = Debug|Any CPU
		{3D1E9F51-C2D4-DE50-CBC0-39EB7C0523DF}.Debug|Any CPU.Build.0 = Debug|Any CPU
		{3D1E9F51-C2D4-DE50-CBC0-39EB7C0523DF}.Debug|x64.ActiveCfg = Debug|Any CPU
		{3D1E9F51-C2D4-DE50-CBC0-39EB7C0523DF}.Debug|x64.Build.0 = Debug|Any CPU
		{3D1E9F51-C2D4-DE50-CBC0-39EB7C0523DF}.Debug|x86.ActiveCfg = Debug|Any CPU
		{3D1E9F51-C2D4-DE50-CBC0-39EB7C0523DF}.Debug|x86.Build.0 = Debug|Any CPU
		{3D1E9F51-C2D4-DE50-CBC0-39EB7C0523DF}.Release|Any CPU.ActiveCfg = Release|Any CPU
		{3D1E9F51-C2D4-DE50-CBC0-39EB7C0523DF}.Release|Any CPU.Build.0 = Release|Any CPU
		{3D1E9F51-C2D4-DE50-CBC0-39EB7C0523DF}.Release|x64.ActiveCfg = Release|Any CPU
		{3D1E9F51-C2D4-DE50-CBC0-39EB7C0523DF}.Release|x64.Build.0 = Release|Any CPU
		{3D1E9F51-C2D4-DE50-CBC0-39EB7C0523DF}.Release|x86.ActiveCfg = Release|Any CPU
		{3D1E9F51-C2D4-DE50-CBC0-39EB7C0523DF}.Release|x86.Build.0 = Release|Any CPU
		{94F44D84-1608-FCD1-4165-216EC007591F}.Debug|Any CPU.ActiveCfg = Debug|Any CPU
		{94F44D84-1608-FCD1-4165-216EC007591F}.Debug|Any CPU.Build.0 = Debug|Any CPU
		{94F44D84-1608-FCD1-4165-216EC007591F}.Debug|x64.ActiveCfg = Debug|Any CPU
		{94F44D84-1608-FCD1-4165-216EC007591F}.Debug|x64.Build.0 = Debug|Any CPU
		{94F44D84-1608-FCD1-4165-216EC007591F}.Debug|x86.ActiveCfg = Debug|Any CPU
		{94F44D84-1608-FCD1-4165-216EC007591F}.Debug|x86.Build.0 = Debug|Any CPU
		{94F44D84-1608-FCD1-4165-216EC007591F}.Release|Any CPU.ActiveCfg = Release|Any CPU
		{94F44D84-1608-FCD1-4165-216EC007591F}.Release|Any CPU.Build.0 = Release|Any CPU
		{94F44D84-1608-FCD1-4165-216EC007591F}.Release|x64.ActiveCfg = Release|Any CPU
		{94F44D84-1608-FCD1-4165-216EC007591F}.Release|x64.Build.0 = Release|Any CPU
		{94F44D84-1608-FCD1-4165-216EC007591F}.Release|x86.ActiveCfg = Release|Any CPU
		{94F44D84-1608-FCD1-4165-216EC007591F}.Release|x86.Build.0 = Release|Any CPU
		{E35AEE94-E695-A739-12E4-264C229CC358}.Debug|Any CPU.ActiveCfg = Debug|Any CPU
		{E35AEE94-E695-A739-12E4-264C229CC358}.Debug|Any CPU.Build.0 = Debug|Any CPU
		{E35AEE94-E695-A739-12E4-264C229CC358}.Debug|x64.ActiveCfg = Debug|Any CPU
		{E35AEE94-E695-A739-12E4-264C229CC358}.Debug|x64.Build.0 = Debug|Any CPU
		{E35AEE94-E695-A739-12E4-264C229CC358}.Debug|x86.ActiveCfg = Debug|Any CPU
		{E35AEE94-E695-A739-12E4-264C229CC358}.Debug|x86.Build.0 = Debug|Any CPU
		{E35AEE94-E695-A739-12E4-264C229CC358}.Release|Any CPU.ActiveCfg = Release|Any CPU
		{E35AEE94-E695-A739-12E4-264C229CC358}.Release|Any CPU.Build.0 = Release|Any CPU
		{E35AEE94-E695-A739-12E4-264C229CC358}.Release|x64.ActiveCfg = Release|Any CPU
		{E35AEE94-E695-A739-12E4-264C229CC358}.Release|x64.Build.0 = Release|Any CPU
		{E35AEE94-E695-A739-12E4-264C229CC358}.Release|x86.ActiveCfg = Release|Any CPU
		{E35AEE94-E695-A739-12E4-264C229CC358}.Release|x86.Build.0 = Release|Any CPU
	EndGlobalSection
	GlobalSection(SolutionProperties) = preSolution
		HideSolutionNode = FALSE
	EndGlobalSection
	GlobalSection(NestedProjects) = preSolution
		{E82A4B90-49AC-A74C-6786-139A6C87404A} = {A5AC2DDD-2908-461B-83F1-7F0B76D9A842}
		{21677859-853D-D6C7-7A81-12488313588E} = {A5AC2DDD-2908-461B-83F1-7F0B76D9A842}
		{C13B6931-B21C-57BC-4B4D-961600CC7071} = {02EA681E-C7D8-13C7-8484-4AC65E1B71E8}
		{7062DF88-4EEF-E3E6-9FEF-7E2F67C1D2E7} = {02EA681E-C7D8-13C7-8484-4AC65E1B71E8}
		{7E54F1DE-A1EA-219F-2526-941B437F80A4} = {1551D9C3-83BC-42DC-A244-A4D04B504814}
		{76410C3B-E165-F7B1-5633-C4E56ACB9286} = {7CC222B1-CBE3-413B-90E6-BA7F9082C0B6}
		{7BFC8A0B-9098-C405-6531-9DB55C594288} = {7CC222B1-CBE3-413B-90E6-BA7F9082C0B6}
		{048D0212-A78F-008D-78A7-94E1F9E70156} = {7CC222B1-CBE3-413B-90E6-BA7F9082C0B6}
		{3D1E9F51-C2D4-DE50-CBC0-39EB7C0523DF} = {1551D9C3-83BC-42DC-A244-A4D04B504814}
		{94F44D84-1608-FCD1-4165-216EC007591F} = {02EA681E-C7D8-13C7-8484-4AC65E1B71E8}
		{E35AEE94-E695-A739-12E4-264C229CC358} = {02EA681E-C7D8-13C7-8484-4AC65E1B71E8}
	EndGlobalSection
	GlobalSection(ExtensibilityGlobals) = postSolution
		SolutionGuid = {CAC3A46E-1954-457D-A519-D23D49F89AE9}
	EndGlobalSection
EndGlobal
