
Microsoft Visual Studio Solution File, Format Version 12.00
# Visual Studio Version 17
VisualStudioVersion = 17.14.36518.9
MinimumVisualStudioVersion = 10.0.40219.1
Project("{FAE04EC0-301F-11D3-BF4B-00C04F79EFBC}") = "kdyf.Operations", "kdyf.Operations\kdyf.Operations.csproj", "{FFB3FED0-8FAB-4226-8C26-4F357A594062}"
EndProject
Project("{FAE04EC0-301F-11D3-BF4B-00C04F79EFBC}") = "kdyf.Notifications", "kdyf.Notifications\kdyf.Notifications.csproj", "{D78F80F6-8EFA-4D2A-8939-D45B353F50DE}"
EndProject
Project("{FAE04EC0-301F-11D3-BF4B-00C04F79EFBC}") = "kdyf.Notifications.Test", "kdyf.Notifications.Test\kdyf.Notifications.Test.csproj", "{421FA5F9-7D7E-48A2-9A32-2E03DEC1EC62}"
EndProject
Project("{FAE04EC0-301F-11D3-BF4B-00C04F79EFBC}") = "kdyf.Notifications.Test.Redis", "kdyf.Notifications.Test.Redis\kdyf.Notifications.Test.Redis.csproj", "{C9E91A91-06AA-4732-B172-AB4E0E07C901}"
EndProject
Project("{FAE04EC0-301F-11D3-BF4B-00C04F79EFBC}") = "kdyf.Operations.Test", "kdyf.Operations.Test\kdyf.Operations.Test.csproj", "{8C9E5A1B-2D4F-4E8A-9B7C-3F6D8A2E5C1D}"
EndProject
Project("{FAE04EC0-301F-11D3-BF4B-00C04F79EFBC}") = "kdyf.Notifications.Redis", "kdyf.Notifications.Redis\kdyf.Notifications.Redis.csproj", "{4C85603D-5AD7-85CB-B9BB-34DAED0E35DE}"
EndProject
Project("{2150E333-8FDC-42A3-9474-1A3956D46DE8}") = "Notifications", "Notifications", "{02EA681E-C7D8-13C7-8484-4AC65E1B71E8}"
EndProject
Project("{FAE04EC0-301F-11D3-BF4B-00C04F79EFBC}") = "kdyf.Notifications.Sample.Shared", "kdyf.Notifications.Sample.Shared\kdyf.Notifications.Sample.Shared.csproj", "{F916AC04-8FA9-4BF8-880A-0F2D7461DF11}"
EndProject
Project("{FAE04EC0-301F-11D3-BF4B-00C04F79EFBC}") = "kdyf.Notifications.Sample01.Console", "kdyf.Notifications.Sample01.Console\kdyf.Notifications.Sample01.Console.csproj", "{2F1B0226-9DA8-4862-8679-50ACF8F2DC3A}"
EndProject
Project("{FAE04EC0-301F-11D3-BF4B-00C04F79EFBC}") = "kdyf.Notifications.Sample02.Console", "kdyf.Notifications.Sample02.Console\kdyf.Notifications.Sample02.Console.csproj", "{B49B29BB-D8D7-4DEB-B617-DDDB319B46A3}"
EndProject
Project("{FAE04EC0-301F-11D3-BF4B-00C04F79EFBC}") = "kdyf.Common", "kdyf.Common\kdyf.Common.csproj", "{5403F5F5-A8D4-4879-AAF6-CCA3217ED7A1}"
EndProject
Project("{FAE04EC0-301F-11D3-BF4B-00C04F79EFBC}") = "kdyf.Common.Test", "kdyf.Common.Test\kdyf.Common.Test.csproj", "{E5FE9DAD-E6C4-43EA-B5FF-9FF4BC7BBE9F}"
EndProject
Project("{2150E333-8FDC-42A3-9474-1A3956D46DE8}") = "Operations", "Operations", "{A5AC2DDD-2908-461B-83F1-7F0B76D9A842}"
EndProject
Global
	GlobalSection(SolutionConfigurationPlatforms) = preSolution
		Debug|Any CPU = Debug|Any CPU
		Debug|x64 = Debug|x64
		Debug|x86 = Debug|x86
		Release|Any CPU = Release|Any CPU
		Release|x64 = Release|x64
		Release|x86 = Release|x86
	EndGlobalSection
	GlobalSection(ProjectConfigurationPlatforms) = postSolution
		{FFB3FED0-8FAB-4226-8C26-4F357A594062}.Debug|Any CPU.ActiveCfg = Debug|Any CPU
		{FFB3FED0-8FAB-4226-8C26-4F357A594062}.Debug|Any CPU.Build.0 = Debug|Any CPU
		{FFB3FED0-8FAB-4226-8C26-4F357A594062}.Debug|x64.ActiveCfg = Debug|Any CPU
		{FFB3FED0-8FAB-4226-8C26-4F357A594062}.Debug|x64.Build.0 = Debug|Any CPU
		{FFB3FED0-8FAB-4226-8C26-4F357A594062}.Debug|x86.ActiveCfg = Debug|Any CPU
		{FFB3FED0-8FAB-4226-8C26-4F357A594062}.Debug|x86.Build.0 = Debug|Any CPU
		{FFB3FED0-8FAB-4226-8C26-4F357A594062}.Release|Any CPU.ActiveCfg = Release|Any CPU
		{FFB3FED0-8FAB-4226-8C26-4F357A594062}.Release|Any CPU.Build.0 = Release|Any CPU
		{FFB3FED0-8FAB-4226-8C26-4F357A594062}.Release|x64.ActiveCfg = Release|Any CPU
		{FFB3FED0-8FAB-4226-8C26-4F357A594062}.Release|x64.Build.0 = Release|Any CPU
		{FFB3FED0-8FAB-4226-8C26-4F357A594062}.Release|x86.ActiveCfg = Release|Any CPU
		{FFB3FED0-8FAB-4226-8C26-4F357A594062}.Release|x86.Build.0 = Release|Any CPU
		{D78F80F6-8EFA-4D2A-8939-D45B353F50DE}.Debug|Any CPU.ActiveCfg = Debug|Any CPU
		{D78F80F6-8EFA-4D2A-8939-D45B353F50DE}.Debug|Any CPU.Build.0 = Debug|Any CPU
		{D78F80F6-8EFA-4D2A-8939-D45B353F50DE}.Debug|x64.ActiveCfg = Debug|Any CPU
		{D78F80F6-8EFA-4D2A-8939-D45B353F50DE}.Debug|x64.Build.0 = Debug|Any CPU
		{D78F80F6-8EFA-4D2A-8939-D45B353F50DE}.Debug|x86.ActiveCfg = Debug|Any CPU
		{D78F80F6-8EFA-4D2A-8939-D45B353F50DE}.Debug|x86.Build.0 = Debug|Any CPU
		{D78F80F6-8EFA-4D2A-8939-D45B353F50DE}.Release|Any CPU.ActiveCfg = Release|Any CPU
		{D78F80F6-8EFA-4D2A-8939-D45B353F50DE}.Release|Any CPU.Build.0 = Release|Any CPU
		{D78F80F6-8EFA-4D2A-8939-D45B353F50DE}.Release|x64.ActiveCfg = Release|Any CPU
		{D78F80F6-8EFA-4D2A-8939-D45B353F50DE}.Release|x64.Build.0 = Release|Any CPU
		{D78F80F6-8EFA-4D2A-8939-D45B353F50DE}.Release|x86.ActiveCfg = Release|Any CPU
		{D78F80F6-8EFA-4D2A-8939-D45B353F50DE}.Release|x86.Build.0 = Release|Any CPU
		{421FA5F9-7D7E-48A2-9A32-2E03DEC1EC62}.Debug|Any CPU.ActiveCfg = Debug|Any CPU
		{421FA5F9-7D7E-48A2-9A32-2E03DEC1EC62}.Debug|Any CPU.Build.0 = Debug|Any CPU
		{421FA5F9-7D7E-48A2-9A32-2E03DEC1EC62}.Debug|x64.ActiveCfg = Debug|Any CPU
		{421FA5F9-7D7E-48A2-9A32-2E03DEC1EC62}.Debug|x64.Build.0 = Debug|Any CPU
		{421FA5F9-7D7E-48A2-9A32-2E03DEC1EC62}.Debug|x86.ActiveCfg = Debug|Any CPU
		{421FA5F9-7D7E-48A2-9A32-2E03DEC1EC62}.Debug|x86.Build.0 = Debug|Any CPU
		{421FA5F9-7D7E-48A2-9A32-2E03DEC1EC62}.Release|Any CPU.ActiveCfg = Release|Any CPU
		{421FA5F9-7D7E-48A2-9A32-2E03DEC1EC62}.Release|Any CPU.Build.0 = Release|Any CPU
		{421FA5F9-7D7E-48A2-9A32-2E03DEC1EC62}.Release|x64.ActiveCfg = Release|Any CPU
		{421FA5F9-7D7E-48A2-9A32-2E03DEC1EC62}.Release|x64.Build.0 = Release|Any CPU
		{421FA5F9-7D7E-48A2-9A32-2E03DEC1EC62}.Release|x86.ActiveCfg = Release|Any CPU
		{421FA5F9-7D7E-48A2-9A32-2E03DEC1EC62}.Release|x86.Build.0 = Release|Any CPU
		{C9E91A91-06AA-4732-B172-AB4E0E07C901}.Debug|Any CPU.ActiveCfg = Debug|Any CPU
		{C9E91A91-06AA-4732-B172-AB4E0E07C901}.Debug|Any CPU.Build.0 = Debug|Any CPU
		{C9E91A91-06AA-4732-B172-AB4E0E07C901}.Debug|x64.ActiveCfg = Debug|Any CPU
		{C9E91A91-06AA-4732-B172-AB4E0E07C901}.Debug|x64.Build.0 = Debug|Any CPU
		{C9E91A91-06AA-4732-B172-AB4E0E07C901}.Debug|x86.ActiveCfg = Debug|Any CPU
		{C9E91A91-06AA-4732-B172-AB4E0E07C901}.Debug|x86.Build.0 = Debug|Any CPU
		{C9E91A91-06AA-4732-B172-AB4E0E07C901}.Release|Any CPU.ActiveCfg = Release|Any CPU
		{C9E91A91-06AA-4732-B172-AB4E0E07C901}.Release|Any CPU.Build.0 = Release|Any CPU
		{C9E91A91-06AA-4732-B172-AB4E0E07C901}.Release|x64.ActiveCfg = Release|Any CPU
		{C9E91A91-06AA-4732-B172-AB4E0E07C901}.Release|x64.Build.0 = Release|Any CPU
		{C9E91A91-06AA-4732-B172-AB4E0E07C901}.Release|x86.ActiveCfg = Release|Any CPU
		{C9E91A91-06AA-4732-B172-AB4E0E07C901}.Release|x86.Build.0 = Release|Any CPU
		{8C9E5A1B-2D4F-4E8A-9B7C-3F6D8A2E5C1D}.Debug|Any CPU.ActiveCfg = Debug|Any CPU
		{8C9E5A1B-2D4F-4E8A-9B7C-3F6D8A2E5C1D}.Debug|Any CPU.Build.0 = Debug|Any CPU
		{8C9E5A1B-2D4F-4E8A-9B7C-3F6D8A2E5C1D}.Debug|x64.ActiveCfg = Debug|Any CPU
		{8C9E5A1B-2D4F-4E8A-9B7C-3F6D8A2E5C1D}.Debug|x64.Build.0 = Debug|Any CPU
		{8C9E5A1B-2D4F-4E8A-9B7C-3F6D8A2E5C1D}.Debug|x86.ActiveCfg = Debug|Any CPU
		{8C9E5A1B-2D4F-4E8A-9B7C-3F6D8A2E5C1D}.Debug|x86.Build.0 = Debug|Any CPU
		{8C9E5A1B-2D4F-4E8A-9B7C-3F6D8A2E5C1D}.Release|Any CPU.ActiveCfg = Release|Any CPU
		{8C9E5A1B-2D4F-4E8A-9B7C-3F6D8A2E5C1D}.Release|Any CPU.Build.0 = Release|Any CPU
		{8C9E5A1B-2D4F-4E8A-9B7C-3F6D8A2E5C1D}.Release|x64.ActiveCfg = Release|Any CPU
		{8C9E5A1B-2D4F-4E8A-9B7C-3F6D8A2E5C1D}.Release|x64.Build.0 = Release|Any CPU
		{8C9E5A1B-2D4F-4E8A-9B7C-3F6D8A2E5C1D}.Release|x86.ActiveCfg = Release|Any CPU
		{8C9E5A1B-2D4F-4E8A-9B7C-3F6D8A2E5C1D}.Release|x86.Build.0 = Release|Any CPU
		{4C85603D-5AD7-85CB-B9BB-34DAED0E35DE}.Debug|Any CPU.ActiveCfg = Debug|Any CPU
		{4C85603D-5AD7-85CB-B9BB-34DAED0E35DE}.Debug|Any CPU.Build.0 = Debug|Any CPU
		{4C85603D-5AD7-85CB-B9BB-34DAED0E35DE}.Debug|x64.ActiveCfg = Debug|Any CPU
		{4C85603D-5AD7-85CB-B9BB-34DAED0E35DE}.Debug|x64.Build.0 = Debug|Any CPU
		{4C85603D-5AD7-85CB-B9BB-34DAED0E35DE}.Debug|x86.ActiveCfg = Debug|Any CPU
		{4C85603D-5AD7-85CB-B9BB-34DAED0E35DE}.Debug|x86.Build.0 = Debug|Any CPU
		{4C85603D-5AD7-85CB-B9BB-34DAED0E35DE}.Release|Any CPU.ActiveCfg = Release|Any CPU
		{4C85603D-5AD7-85CB-B9BB-34DAED0E35DE}.Release|Any CPU.Build.0 = Release|Any CPU
		{4C85603D-5AD7-85CB-B9BB-34DAED0E35DE}.Release|x64.ActiveCfg = Release|Any CPU
		{4C85603D-5AD7-85CB-B9BB-34DAED0E35DE}.Release|x64.Build.0 = Release|Any CPU
		{4C85603D-5AD7-85CB-B9BB-34DAED0E35DE}.Release|x86.ActiveCfg = Release|Any CPU
		{4C85603D-5AD7-85CB-B9BB-34DAED0E35DE}.Release|x86.Build.0 = Release|Any CPU
		{F916AC04-8FA9-4BF8-880A-0F2D7461DF11}.Debug|Any CPU.ActiveCfg = Debug|Any CPU
		{F916AC04-8FA9-4BF8-880A-0F2D7461DF11}.Debug|Any CPU.Build.0 = Debug|Any CPU
		{F916AC04-8FA9-4BF8-880A-0F2D7461DF11}.Debug|x64.ActiveCfg = Debug|Any CPU
		{F916AC04-8FA9-4BF8-880A-0F2D7461DF11}.Debug|x64.Build.0 = Debug|Any CPU
		{F916AC04-8FA9-4BF8-880A-0F2D7461DF11}.Debug|x86.ActiveCfg = Debug|Any CPU
		{F916AC04-8FA9-4BF8-880A-0F2D7461DF11}.Debug|x86.Build.0 = Debug|Any CPU
		{F916AC04-8FA9-4BF8-880A-0F2D7461DF11}.Release|Any CPU.ActiveCfg = Release|Any CPU
		{F916AC04-8FA9-4BF8-880A-0F2D7461DF11}.Release|Any CPU.Build.0 = Release|Any CPU
		{F916AC04-8FA9-4BF8-880A-0F2D7461DF11}.Release|x64.ActiveCfg = Release|Any CPU
		{F916AC04-8FA9-4BF8-880A-0F2D7461DF11}.Release|x64.Build.0 = Release|Any CPU
		{F916AC04-8FA9-4BF8-880A-0F2D7461DF11}.Release|x86.ActiveCfg = Release|Any CPU
		{F916AC04-8FA9-4BF8-880A-0F2D7461DF11}.Release|x86.Build.0 = Release|Any CPU
		{2F1B0226-9DA8-4862-8679-50ACF8F2DC3A}.Debug|Any CPU.ActiveCfg = Debug|Any CPU
		{2F1B0226-9DA8-4862-8679-50ACF8F2DC3A}.Debug|Any CPU.Build.0 = Debug|Any CPU
		{2F1B0226-9DA8-4862-8679-50ACF8F2DC3A}.Debug|x64.ActiveCfg = Debug|Any CPU
		{2F1B0226-9DA8-4862-8679-50ACF8F2DC3A}.Debug|x64.Build.0 = Debug|Any CPU
		{2F1B0226-9DA8-4862-8679-50ACF8F2DC3A}.Debug|x86.ActiveCfg = Debug|Any CPU
		{2F1B0226-9DA8-4862-8679-50ACF8F2DC3A}.Debug|x86.Build.0 = Debug|Any CPU
		{2F1B0226-9DA8-4862-8679-50ACF8F2DC3A}.Release|Any CPU.ActiveCfg = Release|Any CPU
		{2F1B0226-9DA8-4862-8679-50ACF8F2DC3A}.Release|Any CPU.Build.0 = Release|Any CPU
		{2F1B0226-9DA8-4862-8679-50ACF8F2DC3A}.Release|x64.ActiveCfg = Release|Any CPU
		{2F1B0226-9DA8-4862-8679-50ACF8F2DC3A}.Release|x64.Build.0 = Release|Any CPU
		{2F1B0226-9DA8-4862-8679-50ACF8F2DC3A}.Release|x86.ActiveCfg = Release|Any CPU
		{2F1B0226-9DA8-4862-8679-50ACF8F2DC3A}.Release|x86.Build.0 = Release|Any CPU
		{B49B29BB-D8D7-4DEB-B617-DDDB319B46A3}.Debug|Any CPU.ActiveCfg = Debug|Any CPU
		{B49B29BB-D8D7-4DEB-B617-DDDB319B46A3}.Debug|Any CPU.Build.0 = Debug|Any CPU
		{B49B29BB-D8D7-4DEB-B617-DDDB319B46A3}.Debug|x64.ActiveCfg = Debug|Any CPU
		{B49B29BB-D8D7-4DEB-B617-DDDB319B46A3}.Debug|x64.Build.0 = Debug|Any CPU
		{B49B29BB-D8D7-4DEB-B617-DDDB319B46A3}.Debug|x86.ActiveCfg = Debug|Any CPU
		{B49B29BB-D8D7-4DEB-B617-DDDB319B46A3}.Debug|x86.Build.0 = Debug|Any CPU
		{B49B29BB-D8D7-4DEB-B617-DDDB319B46A3}.Release|Any CPU.ActiveCfg = Release|Any CPU
		{B49B29BB-D8D7-4DEB-B617-DDDB319B46A3}.Release|Any CPU.Build.0 = Release|Any CPU
		{B49B29BB-D8D7-4DEB-B617-DDDB319B46A3}.Release|x64.ActiveCfg = Release|Any CPU
		{B49B29BB-D8D7-4DEB-B617-DDDB319B46A3}.Release|x64.Build.0 = Release|Any CPU
		{B49B29BB-D8D7-4DEB-B617-DDDB319B46A3}.Release|x86.ActiveCfg = Release|Any CPU
		{B49B29BB-D8D7-4DEB-B617-DDDB319B46A3}.Release|x86.Build.0 = Release|Any CPU
		{5403F5F5-A8D4-4879-AAF6-CCA3217ED7A1}.Debug|Any CPU.ActiveCfg = Debug|Any CPU
		{5403F5F5-A8D4-4879-AAF6-CCA3217ED7A1}.Debug|Any CPU.Build.0 = Debug|Any CPU
		{5403F5F5-A8D4-4879-AAF6-CCA3217ED7A1}.Debug|x64.ActiveCfg = Debug|Any CPU
		{5403F5F5-A8D4-4879-AAF6-CCA3217ED7A1}.Debug|x64.Build.0 = Debug|Any CPU
		{5403F5F5-A8D4-4879-AAF6-CCA3217ED7A1}.Debug|x86.ActiveCfg = Debug|Any CPU
		{5403F5F5-A8D4-4879-AAF6-CCA3217ED7A1}.Debug|x86.Build.0 = Debug|Any CPU
		{5403F5F5-A8D4-4879-AAF6-CCA3217ED7A1}.Release|Any CPU.ActiveCfg = Release|Any CPU
		{5403F5F5-A8D4-4879-AAF6-CCA3217ED7A1}.Release|Any CPU.Build.0 = Release|Any CPU
		{5403F5F5-A8D4-4879-AAF6-CCA3217ED7A1}.Release|x64.ActiveCfg = Release|Any CPU
		{5403F5F5-A8D4-4879-AAF6-CCA3217ED7A1}.Release|x64.Build.0 = Release|Any CPU
		{5403F5F5-A8D4-4879-AAF6-CCA3217ED7A1}.Release|x86.ActiveCfg = Release|Any CPU
		{5403F5F5-A8D4-4879-AAF6-CCA3217ED7A1}.Release|x86.Build.0 = Release|Any CPU
		{E5FE9DAD-E6C4-43EA-B5FF-9FF4BC7BBE9F}.Debug|Any CPU.ActiveCfg = Debug|Any CPU
		{E5FE9DAD-E6C4-43EA-B5FF-9FF4BC7BBE9F}.Debug|Any CPU.Build.0 = Debug|Any CPU
		{E5FE9DAD-E6C4-43EA-B5FF-9FF4BC7BBE9F}.Debug|x64.ActiveCfg = Debug|Any CPU
		{E5FE9DAD-E6C4-43EA-B5FF-9FF4BC7BBE9F}.Debug|x64.Build.0 = Debug|Any CPU
		{E5FE9DAD-E6C4-43EA-B5FF-9FF4BC7BBE9F}.Debug|x86.ActiveCfg = Debug|Any CPU
		{E5FE9DAD-E6C4-43EA-B5FF-9FF4BC7BBE9F}.Debug|x86.Build.0 = Debug|Any CPU
		{E5FE9DAD-E6C4-43EA-B5FF-9FF4BC7BBE9F}.Release|Any CPU.ActiveCfg = Release|Any CPU
		{E5FE9DAD-E6C4-43EA-B5FF-9FF4BC7BBE9F}.Release|Any CPU.Build.0 = Release|Any CPU
		{E5FE9DAD-E6C4-43EA-B5FF-9FF4BC7BBE9F}.Release|x64.ActiveCfg = Release|Any CPU
		{E5FE9DAD-E6C4-43EA-B5FF-9FF4BC7BBE9F}.Release|x64.Build.0 = Release|Any CPU
		{E5FE9DAD-E6C4-43EA-B5FF-9FF4BC7BBE9F}.Release|x86.ActiveCfg = Release|Any CPU
		{E5FE9DAD-E6C4-43EA-B5FF-9FF4BC7BBE9F}.Release|x86.Build.0 = Release|Any CPU
	EndGlobalSection
	GlobalSection(SolutionProperties) = preSolution
		HideSolutionNode = FALSE
	EndGlobalSection
	GlobalSection(NestedProjects) = preSolution
		{FFB3FED0-8FAB-4226-8C26-4F357A594062} = {A5AC2DDD-2908-461B-83F1-7F0B76D9A842}
		{D78F80F6-8EFA-4D2A-8939-D45B353F50DE} = {02EA681E-C7D8-13C7-8484-4AC65E1B71E8}
		{421FA5F9-7D7E-48A2-9A32-2E03DEC1EC62} = {02EA681E-C7D8-13C7-8484-4AC65E1B71E8}
		{C9E91A91-06AA-4732-B172-AB4E0E07C901} = {02EA681E-C7D8-13C7-8484-4AC65E1B71E8}
		{8C9E5A1B-2D4F-4E8A-9B7C-3F6D8A2E5C1D} = {A5AC2DDD-2908-461B-83F1-7F0B76D9A842}
		{4C85603D-5AD7-85CB-B9BB-34DAED0E35DE} = {02EA681E-C7D8-13C7-8484-4AC65E1B71E8}
		{F916AC04-8FA9-4BF8-880A-0F2D7461DF11} = {02EA681E-C7D8-13C7-8484-4AC65E1B71E8}
		{2F1B0226-9DA8-4862-8679-50ACF8F2DC3A} = {02EA681E-C7D8-13C7-8484-4AC65E1B71E8}
		{B49B29BB-D8D7-4DEB-B617-DDDB319B46A3} = {02EA681E-C7D8-13C7-8484-4AC65E1B71E8}
	EndGlobalSection
	GlobalSection(ExtensibilityGlobals) = postSolution
		SolutionGuid = {CAC3A46E-1954-457D-A519-D23D49F89AE9}
	EndGlobalSection
EndGlobal
